
Microsoft Visual Studio Solution File, Format Version 12.00
# Visual Studio Version 17
VisualStudioVersion = 17.3.32922.545
MinimumVisualStudioVersion = 10.0.40219.1
Project("{FAE04EC0-301F-11D3-BF4B-00C04F79EFBC}") = "ForumApp", "ForumApp\ForumApp.csproj", "{9C0B3672-A36A-48C8-91A6-A90ACE1C4113}"
EndProject
Global
	GlobalSection(SolutionConfigurationPlatforms) = preSolution
		Debug|Any CPU = Debug|Any CPU
		Release|Any CPU = Release|Any CPU
	EndGlobalSection
	GlobalSection(ProjectConfigurationPlatforms) = postSolution
		{9C0B3672-A36A-48C8-91A6-A90ACE1C4113}.Debug|Any CPU.ActiveCfg = Debug|Any CPU
		{9C0B3672-A36A-48C8-91A6-A90ACE1C4113}.Debug|Any CPU.Build.0 = Debug|Any CPU
		{9C0B3672-A36A-48C8-91A6-A90ACE1C4113}.Release|Any CPU.ActiveCfg = Release|Any CPU
		{9C0B3672-A36A-48C8-91A6-A90ACE1C4113}.Release|Any CPU.Build.0 = Release|Any CPU
	EndGlobalSection
	GlobalSection(SolutionProperties) = preSolution
		HideSolutionNode = FALSE
	EndGlobalSection
	GlobalSection(ExtensibilityGlobals) = postSolution
		SolutionGuid = {CE184605-C384-4571-9E17-7CD0F8C72CBB}
	EndGlobalSection
EndGlobal
